Microsoft Visual Studio Solution File, Format Version 12.00
# Visual Studio Version 17
VisualStudioVersion = 17.5.2.0
MinimumVisualStudioVersion = 10.0.40219.1
Project("{2150E333-8FDC-42A3-9474-1A3956D46DE8}") = "CalendarBase", "CalendarBase", "{64204D96-D74E-C3E6-A3F3-C6ADEF9B75BB}"
EndProject
Project("{2150E333-8FDC-42A3-9474-1A3956D46DE8}") = "CrtAIEmbedded", "CrtAIEmbedded", "{AB19B454-EE86-775E-AECA-0EAE6E131B0E}"
EndProject
Project("{2150E333-8FDC-42A3-9474-1A3956D46DE8}") = "CrtBaseConsts", "CrtBaseConsts", "{7E337478-8084-64A8-2E74-B1895AC8F673}"
EndProject
Project("{2150E333-8FDC-42A3-9474-1A3956D46DE8}") = "CrtCalendar", "CrtCalendar", "{528E5DFE-C1E2-32F6-8ACA-BB26EF853963}"
EndProject
Project("{2150E333-8FDC-42A3-9474-1A3956D46DE8}") = "CrtCall", "CrtCall", "{3753AE4E-E756-CE2F-AE09-E1127942A8B5}"
EndProject
Project("{2150E333-8FDC-42A3-9474-1A3956D46DE8}") = "CrtComponentCopilot", "CrtComponentCopilot", "{C6AFB396-2C26-EA9C-EF48-C9633202F2F1}"
EndProject
Project("{2150E333-8FDC-42A3-9474-1A3956D46DE8}") = "CrtCopilot", "CrtCopilot", "{939B897F-04C7-796E-CA17-38ADA71712A7}"
EndProject
Project("{2150E333-8FDC-42A3-9474-1A3956D46DE8}") = "CrtCopilotStudio", "CrtCopilotStudio", "{6F59656A-A2CE-40AC-139A-F218F3AA89DA}"
EndProject
Project("{2150E333-8FDC-42A3-9474-1A3956D46DE8}") = "CrtCore", "CrtCore", "{69DE3606-E6BD-F908-5CD8-DB4CD6952042}"
EndProject
Project("{2150E333-8FDC-42A3-9474-1A3956D46DE8}") = "CrtCoreBase", "CrtCoreBase", "{22321AFD-43CB-9463-DBE5-9CB7D2ACDDFD}"
EndProject
Project("{2150E333-8FDC-42A3-9474-1A3956D46DE8}") = "CrtCoreFilePreview", "CrtCoreFilePreview", "{F13A4FC9-2AE3-11DC-BEC1-FC008C048915}"
EndProject
Project("{2150E333-8FDC-42A3-9474-1A3956D46DE8}") = "CrtDataForge", "CrtDataForge", "{B941F4C1-7881-1E8C-81BD-3F4EE25A1AB4}"
EndProject
Project("{2150E333-8FDC-42A3-9474-1A3956D46DE8}") = "CrtDefaultAIDataOps", "CrtDefaultAIDataOps", "{B5EA79CB-AAD3-A735-FE17-8590F9A3D436}"
EndProject
Project("{2150E333-8FDC-42A3-9474-1A3956D46DE8}") = "CrtEmailSender", "CrtEmailSender", "{1FCE5EA6-6928-5B05-C03E-2477F1C8D27E}"
EndProject
Project("{2150E333-8FDC-42A3-9474-1A3956D46DE8}") = "CrtEmailTemplate", "CrtEmailTemplate", "{5351715B-EA71-BD9D-D846-76D50D2BED42}"
EndProject
Project("{2150E333-8FDC-42A3-9474-1A3956D46DE8}") = "CrtEntityEventLog", "CrtEntityEventLog", "{8B63DC2F-A4BC-9F87-B187-0554B9DFEDAE}"
EndProject
Project("{2150E333-8FDC-42A3-9474-1A3956D46DE8}") = "CrtFeatureToggling", "CrtFeatureToggling", "{C0A7D064-6B1B-47D0-1FB3-EAEE58543DFD}"
EndProject
Project("{2150E333-8FDC-42A3-9474-1A3956D46DE8}") = "CrtFilterAgent", "CrtFilterAgent", "{D4A43642-3CA3-B07D-7DCB-D921B9963012}"
EndProject
Project("{2150E333-8FDC-42A3-9474-1A3956D46DE8}") = "CrtGeminiApiIntegraion", "CrtGeminiApiIntegraion", "{E1A66106-80F6-7E2D-43F7-5A5A56856B59}"
EndProject
Project("{2150E333-8FDC-42A3-9474-1A3956D46DE8}") = "CrtLocalizationDesigner", "CrtLocalizationDesigner", "{F9B9F714-6745-163A-ABD3-402717633340}"
EndProject
Project("{2150E333-8FDC-42A3-9474-1A3956D46DE8}") = "CrtMacrosBase", "CrtMacrosBase", "{A63355A9-4A03-005D-7BC2-2A75F4EB31B7}"
EndProject
Project("{2150E333-8FDC-42A3-9474-1A3956D46DE8}") = "CrtMessage", "CrtMessage", "{31375D20-00DD-78EC-A1AD-D9DDAC7D8CE7}"
EndProject
Project("{2150E333-8FDC-42A3-9474-1A3956D46DE8}") = "CrtML", "CrtML", "{C6A85FD3-31CC-D670-0EF7-1AD49DB0CD3A}"
EndProject
Project("{2150E333-8FDC-42A3-9474-1A3956D46DE8}") = "CrtMLangContent", "CrtMLangContent", "{C71217C3-4AB3-B5BB-B091-3FEDD0227852}"
EndProject
Project("{2150E333-8FDC-42A3-9474-1A3956D46DE8}") = "CrtMobileFreedomUIStylesFor7x", "CrtMobileFreedomUIStylesFor7x", "{AF0508E9-07DD-7EE9-7B00-B2F9016B7F1F}"
EndProject
Project("{2150E333-8FDC-42A3-9474-1A3956D46DE8}") = "CrtNextStep", "CrtNextStep", "{24286450-5083-9283-75A7-E6CC9BE46900}"
EndProject
Project("{2150E333-8FDC-42A3-9474-1A3956D46DE8}") = "CrtOmnichannelApp", "CrtOmnichannelApp", "{760DE0A9-FDC5-6E0B-1A19-62C99A90565A}"
EndProject
Project("{2150E333-8FDC-42A3-9474-1A3956D46DE8}") = "CrtProductivityApp", "CrtProductivityApp", "{55BB4B61-A46D-CA15-B656-41E74403A653}"
EndProject
Project("{2150E333-8FDC-42A3-9474-1A3956D46DE8}") = "CrtProductivityCopilot", "CrtProductivityCopilot", "{D88CDF77-CF44-0C4F-1E22-2145FFED0E3B}"
EndProject
Project("{2150E333-8FDC-42A3-9474-1A3956D46DE8}") = "CrtProductivityMobile", "CrtProductivityMobile", "{487BC188-79EA-5012-127D-33ED91D43D82}"
EndProject
Project("{2150E333-8FDC-42A3-9474-1A3956D46DE8}") = "CrtSecurity", "CrtSecurity", "{CF79F503-2F82-D302-04BC-ABD55F92A49F}"
EndProject
Project("{2150E333-8FDC-42A3-9474-1A3956D46DE8}") = "CrtSecurity7x", "CrtSecurity7x", "{5E547B37-1820-3748-C2C7-0C23319EB2F2}"
EndProject
Project("{2150E333-8FDC-42A3-9474-1A3956D46DE8}") = "CrtSmsIntegration", "CrtSmsIntegration", "{EF50D627-C5D3-DF95-3935-50B9AEB53C8F}"
EndProject
Project("{2150E333-8FDC-42A3-9474-1A3956D46DE8}") = "CrtSpecification", "CrtSpecification", "{24D6DC4E-7459-3CFD-6A1A-214406FBE033}"
EndProject
Project("{2150E333-8FDC-42A3-9474-1A3956D46DE8}") = "CrtStudioCopilot", "CrtStudioCopilot", "{7759BF99-1614-5E2F-1928-7A31F59AB9F3}"
EndProject
Project("{2150E333-8FDC-42A3-9474-1A3956D46DE8}") = "CrtTechnicalUsers", "CrtTechnicalUsers", "{30F230F9-9CD8-AD2B-B61A-74DB333B8CD8}"
EndProject
Project("{2150E333-8FDC-42A3-9474-1A3956D46DE8}") = "CrtTechUserCreatioALMIntegration", "CrtTechUserCreatioALMIntegration", "{E2C4535A-067B-5517-717F-1B3BF4C4ADFA}"
EndProject
Project("{2150E333-8FDC-42A3-9474-1A3956D46DE8}") = "CrtTechUserCreatioMaintenance", "CrtTechUserCreatioMaintenance", "{682681CF-5A91-74E4-6299-ADA5AC4CF191}"
EndProject
Project("{2150E333-8FDC-42A3-9474-1A3956D46DE8}") = "CrtTechUserCreatioResKitUtility", "CrtTechUserCreatioResKitUtility", "{CC3F70A2-6C4B-C760-BFF0-138B57CC89A5}"
EndProject
Project("{2150E333-8FDC-42A3-9474-1A3956D46DE8}") = "CrtTouchPointBase", "CrtTouchPointBase", "{D3B84E0D-C29D-F305-249F-6EE7B899BA42}"
EndProject
Project("{2150E333-8FDC-42A3-9474-1A3956D46DE8}") = "CrtTranslateProviders", "CrtTranslateProviders", "{F4EA0BCD-1953-7F7B-121F-E6934A9BD4DC}"
EndProject
Project("{2150E333-8FDC-42A3-9474-1A3956D46DE8}") = "CrtTranslation", "CrtTranslation", "{35233925-EC5A-C141-BC10-1A794EA0270B}"
EndProject
Project("{2150E333-8FDC-42A3-9474-1A3956D46DE8}") = "CrtUIPlatform", "CrtUIPlatform", "{137D456D-3D1E-976D-398D-DA5F2C7915F6}"
EndProject
Project("{2150E333-8FDC-42A3-9474-1A3956D46DE8}") = "CrtUIPlatform7x", "CrtUIPlatform7x", "{A7139698-1572-8066-A9C6-182001682C22}"
EndProject
Project("{2150E333-8FDC-42A3-9474-1A3956D46DE8}") = "CrtUISwitcher", "CrtUISwitcher", "{BE49F5CC-47D4-B6EE-0617-A6B3BEAAA92C}"
EndProject
Project("{2150E333-8FDC-42A3-9474-1A3956D46DE8}") = "CrtUserLevelSchema", "CrtUserLevelSchema", "{5D9911B7-EB03-812D-C67A-5773AF7CD052}"
EndProject
Project("{2150E333-8FDC-42A3-9474-1A3956D46DE8}") = "CrtWebFarm", "CrtWebFarm", "{0A1F6824-C60C-DD5D-DB06-0D73BC801DFF}"
EndProject
Project("{2150E333-8FDC-42A3-9474-1A3956D46DE8}") = "CrtWebFormBase", "CrtWebFormBase", "{031EFB20-C3E6-F9AD-07EA-782F83DBEF35}"
EndProject
Project("{2150E333-8FDC-42A3-9474-1A3956D46DE8}") = "CrtWebhookServiceBase", "CrtWebhookServiceBase", "{C5BD2EB7-250E-C51A-0F80-A7C2488299F4}"
EndProject
Project("{2150E333-8FDC-42A3-9474-1A3956D46DE8}") = "CSP", "CSP", "{C1307707-F12E-78A4-366B-68670753E97D}"
EndProject
Project("{2150E333-8FDC-42A3-9474-1A3956D46DE8}") = "FeatureToggling", "FeatureToggling", "{5EFF02A9-98AF-0A35-3074-BCE925771623}"
EndProject
Project("{2150E333-8FDC-42A3-9474-1A3956D46DE8}") = "Finesse", "Finesse", "{7E44A007-2D1C-AF09-6B35-E80AFB399CC6}"
EndProject
Project("{2150E333-8FDC-42A3-9474-1A3956D46DE8}") = "MLProcessDesigner", "MLProcessDesigner", "{6AB21B39-2C3D-47FD-ADB4-5EDDDB833254}"
EndProject
Project("{2150E333-8FDC-42A3-9474-1A3956D46DE8}") = "OpenIdAuth", "OpenIdAuth", "{541CB66F-BE24-BB0A-4BF7-61A3F2C80036}"
EndProject
Project("{2150E333-8FDC-42A3-9474-1A3956D46DE8}") = "SsoSettings", "SsoSettings", "{4C3855D9-575D-BEE4-537D-E565805A7032}"
EndProject
Project("{2150E333-8FDC-42A3-9474-1A3956D46DE8}") = "UsrYacht", "UsrYacht", "{C8CFF7C7-7BA9-701E-7F7C-3D660FB37398}"
EndProject
Project("{2150E333-8FDC-42A3-9474-1A3956D46DE8}") = "XSSProtection", "XSSProtection", "{170A6967-FC07-DEA8-89E9-33783D940DC2}"
EndProject
Project("{2150E333-8FDC-42A3-9474-1A3956D46DE8}") = "Files", "Files", "{CBEF7D13-8D2E-736D-0DB3-A7F0D294570B}"
EndProject
Project("{FAE04EC0-301F-11D3-BF4B-00C04F79EFBC}") = "CalendarBase", "CalendarBase\Files\CalendarBase.csproj", "{964EE110-91CE-EC64-022D-37DCAE21363A}"
EndProject
Project("{2150E333-8FDC-42A3-9474-1A3956D46DE8}") = "Files", "Files", "{6244E3C5-8E68-3F89-5040-65153E794E53}"
EndProject
Project("{FAE04EC0-301F-11D3-BF4B-00C04F79EFBC}") = "CrtAIEmbedded", "CrtAIEmbedded\Files\CrtAIEmbedded.csproj", "{655CDFE8-6446-340A-6506-FB4316E16425}"
EndProject
Project("{2150E333-8FDC-42A3-9474-1A3956D46DE8}") = "Files", "Files", "{5A055EDF-A4E3-E69D-AA58-B7905147F6AC}"
EndProject
Project("{FAE04EC0-301F-11D3-BF4B-00C04F79EFBC}") = "CrtBaseConsts", "CrtBaseConsts\Files\CrtBaseConsts.csproj", "{B18CA413-9F67-9917-7055-44C6E186E66D}"
EndProject
Project("{2150E333-8FDC-42A3-9474-1A3956D46DE8}") = "Files", "Files", "{08E53AE6-B46A-F3A5-05D4-CE0F93A94FAA}"
EndProject
Project("{FAE04EC0-301F-11D3-BF4B-00C04F79EFBC}") = "CrtCalendar", "CrtCalendar\Files\CrtCalendar.csproj", "{84AFD72A-BD4B-0144-F608-68E2EA699E73}"
EndProject
Project("{2150E333-8FDC-42A3-9474-1A3956D46DE8}") = "Files", "Files", "{B5368004-954F-10A3-29D4-1AA8609DC361}"
EndProject
Project("{FAE04EC0-301F-11D3-BF4B-00C04F79EFBC}") = "CrtCall", "CrtCall\Files\CrtCall.csproj", "{BB736975-12CA-E7B0-0992-492184DF98B3}"
EndProject
Project("{2150E333-8FDC-42A3-9474-1A3956D46DE8}") = "Files", "Files", "{44679AFD-FA91-B01F-DBC7-57D3332B906B}"
EndProject
Project("{FAE04EC0-301F-11D3-BF4B-00C04F79EFBC}") = "CrtComponentCopilot", "CrtComponentCopilot\Files\CrtComponentCopilot.csproj", "{907D4163-3D9F-9319-186B-6BA14746C51F}"
EndProject
Project("{2150E333-8FDC-42A3-9474-1A3956D46DE8}") = "Files", "Files", "{498E8630-14AA-EE68-74D4-F5B96E01D5E2}"
EndProject
Project("{FAE04EC0-301F-11D3-BF4B-00C04F79EFBC}") = "CrtCopilot", "CrtCopilot\Files\CrtCopilot.csproj", "{AB7375A5-BED6-E796-34C7-51BD32FD343D}"
EndProject
Project("{2150E333-8FDC-42A3-9474-1A3956D46DE8}") = "Files", "Files", "{44F01F1A-3138-35AE-939C-CA368D1F4017}"
EndProject
Project("{FAE04EC0-301F-11D3-BF4B-00C04F79EFBC}") = "CrtCopilotStudio", "CrtCopilotStudio\Files\CrtCopilotStudio.csproj", "{5A7CFEC2-09BA-CAFE-D035-56C74E4CE461}"
EndProject
Project("{2150E333-8FDC-42A3-9474-1A3956D46DE8}") = "Files", "Files", "{58C012CD-01CB-50BA-DBB8-60AFAE53EE67}"
EndProject
Project("{FAE04EC0-301F-11D3-BF4B-00C04F79EFBC}") = "CrtCore", "CrtCore\Files\CrtCore.csproj", "{B80B8562-AC32-30EB-9FEE-22B570A032CA}"
EndProject
Project("{2150E333-8FDC-42A3-9474-1A3956D46DE8}") = "Files", "Files", "{747BA678-A2BC-9561-C4E5-92AA389FA46A}"
EndProject
Project("{FAE04EC0-301F-11D3-BF4B-00C04F79EFBC}") = "CrtCoreBase", "CrtCoreBase\Files\CrtCoreBase.csproj", "{AAEEACDB-B547-82C5-02BF-2DBC464C6EF5}"
EndProject
Project("{2150E333-8FDC-42A3-9474-1A3956D46DE8}") = "Files", "Files", "{BD6ABD5F-AE9C-63D7-D453-92D1BAFEC83B}"
EndProject
Project("{FAE04EC0-301F-11D3-BF4B-00C04F79EFBC}") = "CrtCoreFilePreview", "CrtCoreFilePreview\Files\CrtCoreFilePreview.csproj", "{7E556D53-1549-B655-CE97-B801E511A8B9}"
EndProject
Project("{2150E333-8FDC-42A3-9474-1A3956D46DE8}") = "Files", "Files", "{A1BA600D-4CE9-8C86-0EDE-F84133C22609}"
EndProject
Project("{FAE04EC0-301F-11D3-BF4B-00C04F79EFBC}") = "CrtDataForge", "CrtDataForge\Files\CrtDataForge.csproj", "{FF373D66-B8A5-3B74-50AC-FC37B6DC9B77}"
EndProject
Project("{2150E333-8FDC-42A3-9474-1A3956D46DE8}") = "Files", "Files", "{A874D5C0-290D-6820-095C-70EA7080184F}"
EndProject
Project("{FAE04EC0-301F-11D3-BF4B-00C04F79EFBC}") = "CrtDefaultAIDataOps", "CrtDefaultAIDataOps\Files\CrtDefaultAIDataOps.csproj", "{423F141B-05BE-3E63-B675-A18F1ECF24F8}"
EndProject
Project("{2150E333-8FDC-42A3-9474-1A3956D46DE8}") = "Files", "Files", "{30DD4B55-96FC-E77A-64E0-0F4333CBBB0E}"
EndProject
Project("{FAE04EC0-301F-11D3-BF4B-00C04F79EFBC}") = "CrtEmailSender", "CrtEmailSender\Files\CrtEmailSender.csproj", "{E8270392-A40D-71D6-5E1A-ADF079B0973A}"
EndProject
Project("{2150E333-8FDC-42A3-9474-1A3956D46DE8}") = "Files", "Files", "{A711DE9E-7CBB-922F-B56C-B0A5BE4E9798}"
EndProject
Project("{FAE04EC0-301F-11D3-BF4B-00C04F79EFBC}") = "CrtEmailTemplate", "CrtEmailTemplate\Files\CrtEmailTemplate.csproj", "{E51FF715-D844-18A2-9CD9-ED4CCB75CF27}"
EndProject
Project("{2150E333-8FDC-42A3-9474-1A3956D46DE8}") = "Files", "Files", "{9A6D2548-3796-E91A-12AC-3E8B761E44CD}"
EndProject
Project("{FAE04EC0-301F-11D3-BF4B-00C04F79EFBC}") = "CrtEntityEventLog", "CrtEntityEventLog\Files\CrtEntityEventLog.csproj", "{C9029FD8-A49E-81EB-D552-DEB5A638B8A3}"
EndProject
Project("{2150E333-8FDC-42A3-9474-1A3956D46DE8}") = "Files", "Files", "{08FE076C-08B9-731B-8D10-A22FB3CE3DF6}"
EndProject
Project("{FAE04EC0-301F-11D3-BF4B-00C04F79EFBC}") = "CrtFeatureToggling", "CrtFeatureToggling\Files\CrtFeatureToggling.csproj", "{217D7BA1-457D-9E81-823A-B29CBD933292}"
EndProject
Project("{2150E333-8FDC-42A3-9474-1A3956D46DE8}") = "Files", "Files", "{97133AF3-C996-E9C8-CE26-536BC51DD75C}"
EndProject
Project("{FAE04EC0-301F-11D3-BF4B-00C04F79EFBC}") = "CrtFilterAgent", "CrtFilterAgent\Files\CrtFilterAgent.csproj", "{698E4BEF-317A-5155-FE43-5C90E910D333}"
EndProject
Project("{2150E333-8FDC-42A3-9474-1A3956D46DE8}") = "Files", "Files", "{2E068076-6038-60A1-8355-CDDEEAD45C72}"
EndProject
Project("{FAE04EC0-301F-11D3-BF4B-00C04F79EFBC}") = "CrtGeminiApiIntegraion", "CrtGeminiApiIntegraion\Files\CrtGeminiApiIntegraion.csproj", "{022C87C8-4E7A-2923-8A86-ABBE74D1E724}"
EndProject
Project("{2150E333-8FDC-42A3-9474-1A3956D46DE8}") = "Files", "Files", "{66D5BACC-0B72-7A38-2EFF-36E39CA2B2DF}"
EndProject
Project("{FAE04EC0-301F-11D3-BF4B-00C04F79EFBC}") = "CrtLocalizationDesigner", "CrtLocalizationDesigner\Files\CrtLocalizationDesigner.csproj", "{DC982B47-BB9F-492D-34AC-CEA840551C5D}"
EndProject
Project("{2150E333-8FDC-42A3-9474-1A3956D46DE8}") = "Files", "Files", "{F4E0550F-B137-3AFC-C749-1F02DF160358}"
EndProject
Project("{FAE04EC0-301F-11D3-BF4B-00C04F79EFBC}") = "CrtMacrosBase", "CrtMacrosBase\Files\CrtMacrosBase.csproj", "{5794E2DF-1B6B-CBA7-3CA7-E19A21665353}"
EndProject
Project("{2150E333-8FDC-42A3-9474-1A3956D46DE8}") = "Files", "Files", "{7577F57E-E77F-800F-A6C5-4B3486757BD7}"
EndProject
Project("{FAE04EC0-301F-11D3-BF4B-00C04F79EFBC}") = "CrtMessage", "CrtMessage\Files\CrtMessage.csproj", "{418F938E-39B4-8946-DAB5-0B78CD204E79}"
EndProject
Project("{2150E333-8FDC-42A3-9474-1A3956D46DE8}") = "Files", "Files", "{0A598362-EAFA-6A74-3EAB-617A1A943E95}"
EndProject
Project("{FAE04EC0-301F-11D3-BF4B-00C04F79EFBC}") = "CrtML", "CrtML\Files\CrtML.csproj", "{A3E899A6-7A3B-143B-A66F-3793131FFE8D}"
EndProject
Project("{2150E333-8FDC-42A3-9474-1A3956D46DE8}") = "Files", "Files", "{62B2CDF6-9761-4274-448B-1083EB88B655}"
EndProject
Project("{FAE04EC0-301F-11D3-BF4B-00C04F79EFBC}") = "CrtMLangContent", "CrtMLangContent\Files\CrtMLangContent.csproj", "{C061FFFE-4E8F-5C9F-BDC7-55990A32953C}"
EndProject
Project("{2150E333-8FDC-42A3-9474-1A3956D46DE8}") = "Files", "Files", "{1BE6CD8E-77FC-0920-2C51-2D66510E3675}"
EndProject
Project("{FAE04EC0-301F-11D3-BF4B-00C04F79EFBC}") = "CrtMobileFreedomUIStylesFor7x", "CrtMobileFreedomUIStylesFor7x\Files\CrtMobileFreedomUIStylesFor7x.csproj", "{35F9E383-6C42-9725-0A02-11D5395C926E}"
EndProject
Project("{2150E333-8FDC-42A3-9474-1A3956D46DE8}") = "Files", "Files", "{D967D0CF-BB9D-F8B2-520B-5718304B4AF0}"
EndProject
Project("{FAE04EC0-301F-11D3-BF4B-00C04F79EFBC}") = "CrtNextStep", "CrtNextStep\Files\CrtNextStep.csproj", "{F21A6E78-E2C4-40F8-E402-5949EF9A84C5}"
EndProject
Project("{2150E333-8FDC-42A3-9474-1A3956D46DE8}") = "Files", "Files", "{3518B3CC-DD68-6395-E6F2-CD004CE31BA0}"
EndProject
Project("{FAE04EC0-301F-11D3-BF4B-00C04F79EFBC}") = "CrtOmnichannelApp", "CrtOmnichannelApp\Files\CrtOmnichannelApp.csproj", "{AB85FC58-5124-8B0A-360D-A692FBD226F8}"
EndProject
Project("{2150E333-8FDC-42A3-9474-1A3956D46DE8}") = "Files", "Files", "{D5D643CC-931C-C1C6-B2E7-5A0302B84653}"
EndProject
Project("{FAE04EC0-301F-11D3-BF4B-00C04F79EFBC}") = "CrtProductivityApp", "CrtProductivityApp\Files\CrtProductivityApp.csproj", "{07D57A23-DC69-B76B-C7E9-549D29E0185E}"
EndProject
Project("{2150E333-8FDC-42A3-9474-1A3956D46DE8}") = "Files", "Files", "{A23D5252-2D52-9046-70AC-15EFD1B2ACBF}"
EndProject
Project("{FAE04EC0-301F-11D3-BF4B-00C04F79EFBC}") = "CrtProductivityCopilot", "CrtProductivityCopilot\Files\CrtProductivityCopilot.csproj", "{0F136BE4-4160-5559-CBAE-BD611A59835A}"
EndProject
Project("{2150E333-8FDC-42A3-9474-1A3956D46DE8}") = "Files", "Files", "{3A3BCAE1-C5F2-FBDE-4F28-2E95F0F5C359}"
EndProject
Project("{FAE04EC0-301F-11D3-BF4B-00C04F79EFBC}") = "CrtProductivityMobile", "CrtProductivityMobile\Files\CrtProductivityMobile.csproj", "{880FE2D0-C4A9-5FEF-5219-2008C7645807}"
EndProject
Project("{2150E333-8FDC-42A3-9474-1A3956D46DE8}") = "Files", "Files", "{D53C5FD3-71B4-D098-DB7F-7E67F238F640}"
EndProject
Project("{FAE04EC0-301F-11D3-BF4B-00C04F79EFBC}") = "CrtSecurity", "CrtSecurity\Files\CrtSecurity.csproj", "{A2846222-1726-DA31-650B-B16204A77749}"
EndProject
Project("{2150E333-8FDC-42A3-9474-1A3956D46DE8}") = "Files", "Files", "{445D57E4-18E0-B744-CBED-FDDD8CFE0F20}"
EndProject
Project("{FAE04EC0-301F-11D3-BF4B-00C04F79EFBC}") = "CrtSecurity7x", "CrtSecurity7x\Files\CrtSecurity7x.csproj", "{99A5DB45-0D60-1D1D-FD26-F6659F778FCD}"
EndProject
Project("{2150E333-8FDC-42A3-9474-1A3956D46DE8}") = "Files", "Files", "{9EE72E0E-58F4-2C50-A675-43251A0F1639}"
EndProject
Project("{FAE04EC0-301F-11D3-BF4B-00C04F79EFBC}") = "CrtSmsIntegration", "CrtSmsIntegration\Files\CrtSmsIntegration.csproj", "{F227EDAF-5189-02FD-E03E-1F5BEBA0ECC8}"
EndProject
Project("{2150E333-8FDC-42A3-9474-1A3956D46DE8}") = "Files", "Files", "{D71D530C-8E88-61B7-140E-28C52D3B1B40}"
EndProject
Project("{FAE04EC0-301F-11D3-BF4B-00C04F79EFBC}") = "CrtSpecification", "CrtSpecification\Files\CrtSpecification.csproj", "{80743B0E-231C-6C7B-8159-542F9B42FB17}"
EndProject
Project("{2150E333-8FDC-42A3-9474-1A3956D46DE8}") = "Files", "Files", "{3632977F-2067-AC43-9877-793466F8EA9A}"
EndProject
Project("{FAE04EC0-301F-11D3-BF4B-00C04F79EFBC}") = "CrtStudioCopilot", "CrtStudioCopilot\Files\CrtStudioCopilot.csproj", "{7B4B8504-69F3-E1F1-A3F3-FBD6925AA4AA}"
EndProject
Project("{2150E333-8FDC-42A3-9474-1A3956D46DE8}") = "Files", "Files", "{64488E44-1935-FBCA-E0ED-3D376FE61A62}"
EndProject
Project("{FAE04EC0-301F-11D3-BF4B-00C04F79EFBC}") = "CrtTechnicalUsers", "CrtTechnicalUsers\Files\CrtTechnicalUsers.csproj", "{01C36D5C-9DFF-F166-F718-2E94761B4122}"
EndProject
Project("{2150E333-8FDC-42A3-9474-1A3956D46DE8}") = "Files", "Files", "{6452DE59-5966-A121-E5E0-F4AA1E3F1230}"
EndProject
Project("{FAE04EC0-301F-11D3-BF4B-00C04F79EFBC}") = "CrtTechUserCreatioALMIntegration", "CrtTechUserCreatioALMIntegration\Files\CrtTechUserCreatioALMIntegration.csproj", "{D948440F-0D9B-4EC7-4B5D-20DC23C29117}"
EndProject
Project("{2150E333-8FDC-42A3-9474-1A3956D46DE8}") = "Files", "Files", "{012067F0-C54E-76B4-A460-9ABDDA4A1B27}"
EndProject
Project("{FAE04EC0-301F-11D3-BF4B-00C04F79EFBC}") = "CrtTechUserCreatioMaintenance", "CrtTechUserCreatioMaintenance\Files\CrtTechUserCreatioMaintenance.csproj", "{1C63650D-924C-8CBB-AF90-F1D29199D816}"
EndProject
Project("{2150E333-8FDC-42A3-9474-1A3956D46DE8}") = "Files", "Files", "{79A992EA-8EDE-BCAC-BB1D-120399B9C0F2}"
EndProject
Project("{FAE04EC0-301F-11D3-BF4B-00C04F79EFBC}") = "CrtTechUserCreatioResKitUtility", "CrtTechUserCreatioResKitUtility\Files\CrtTechUserCreatioResKitUtility.csproj", "{2B544500-E9B7-C051-2C1A-D3FC4728B105}"
EndProject
Project("{2150E333-8FDC-42A3-9474-1A3956D46DE8}") = "Files", "Files", "{867A1BA0-C05E-6433-DFAB-053933230313}"
EndProject
Project("{FAE04EC0-301F-11D3-BF4B-00C04F79EFBC}") = "CrtTouchPointBase", "CrtTouchPointBase\Files\CrtTouchPointBase.csproj", "{24440EF8-EE3A-B37F-F32B-282C58890904}"
EndProject
Project("{2150E333-8FDC-42A3-9474-1A3956D46DE8}") = "Files", "Files", "{0CBA6746-4207-47E8-3E7B-758858378552}"
EndProject
Project("{FAE04EC0-301F-11D3-BF4B-00C04F79EFBC}") = "CrtTranslateProviders", "CrtTranslateProviders\Files\CrtTranslateProviders.csproj", "{1227A9FD-AAF5-14A0-BB10-F168154E8A25}"
EndProject
Project("{2150E333-8FDC-42A3-9474-1A3956D46DE8}") = "Files", "Files", "{D95E5C7B-47BE-EB37-C4AA-82335F06A2CE}"
EndProject
Project("{FAE04EC0-301F-11D3-BF4B-00C04F79EFBC}") = "CrtTranslation", "CrtTranslation\Files\CrtTranslation.csproj", "{465F8E30-8A5A-6343-749A-2675749F21DB}"
EndProject
Project("{2150E333-8FDC-42A3-9474-1A3956D46DE8}") = "Files", "Files", "{12EFA673-2E4F-610A-6EEC-2FBCB0D63A8E}"
EndProject
Project("{FAE04EC0-301F-11D3-BF4B-00C04F79EFBC}") = "CrtUIPlatform", "CrtUIPlatform\Files\CrtUIPlatform.csproj", "{B4CC3D75-4EFE-4AA7-70D6-E7389FEF636B}"
EndProject
Project("{2150E333-8FDC-42A3-9474-1A3956D46DE8}") = "Files", "Files", "{4D7CEC74-2141-555D-A83E-E9A5BF4BA16A}"
EndProject
Project("{FAE04EC0-301F-11D3-BF4B-00C04F79EFBC}") = "CrtUIPlatform7x", "CrtUIPlatform7x\Files\CrtUIPlatform7x.csproj", "{B5CD8F9E-1C1A-6F26-3CBD-00486DEDAFFD}"
EndProject
Project("{2150E333-8FDC-42A3-9474-1A3956D46DE8}") = "Files", "Files", "{CD9D8E12-F529-F486-57BA-F7D03DA2191A}"
EndProject
Project("{FAE04EC0-301F-11D3-BF4B-00C04F79EFBC}") = "CrtUISwitcher", "CrtUISwitcher\Files\CrtUISwitcher.csproj", "{3B8DC658-2275-E4FC-D382-63BA2C3340C8}"
EndProject
Project("{2150E333-8FDC-42A3-9474-1A3956D46DE8}") = "Files", "Files", "{C4578A40-62C5-56EE-5834-1833AA2B0BA1}"
EndProject
Project("{FAE04EC0-301F-11D3-BF4B-00C04F79EFBC}") = "CrtUserLevelSchema", "CrtUserLevelSchema\Files\CrtUserLevelSchema.csproj", "{5600B91B-7526-195F-266B-66F0190C4C8E}"
EndProject
Project("{2150E333-8FDC-42A3-9474-1A3956D46DE8}") = "Files", "Files", "{2D247075-5B19-DCB9-F652-4272AA844587}"
EndProject
Project("{FAE04EC0-301F-11D3-BF4B-00C04F79EFBC}") = "CrtWebFarm", "CrtWebFarm\Files\CrtWebFarm.csproj", "{3EE6475F-A2A1-39BC-9C34-433526CA6F9A}"
EndProject
Project("{2150E333-8FDC-42A3-9474-1A3956D46DE8}") = "Files", "Files", "{AA604E87-780E-F760-2CA9-30DF9353F1C7}"
EndProject
Project("{FAE04EC0-301F-11D3-BF4B-00C04F79EFBC}") = "CrtWebFormBase", "CrtWebFormBase\Files\CrtWebFormBase.csproj", "{F2273CBF-F424-409F-621D-C6D96808E0A6}"
EndProject
Project("{2150E333-8FDC-42A3-9474-1A3956D46DE8}") = "Files", "Files", "{A1EF6677-B682-02A2-58BB-E7295347567D}"
EndProject
Project("{FAE04EC0-301F-11D3-BF4B-00C04F79EFBC}") = "CrtWebhookServiceBase", "CrtWebhookServiceBase\Files\CrtWebhookServiceBase.csproj", "{84BC9275-643B-ECEE-CFD7-E37F41739873}"
EndProject
Project("{2150E333-8FDC-42A3-9474-1A3956D46DE8}") = "Files", "Files", "{AFD5FF3F-E412-87B6-A256-22328222D2F8}"
EndProject
Project("{FAE04EC0-301F-11D3-BF4B-00C04F79EFBC}") = "CSP", "CSP\Files\CSP.csproj", "{E4FCEC30-C4B0-0BE3-BEB4-4F4A18D2C5C3}"
EndProject
Project("{2150E333-8FDC-42A3-9474-1A3956D46DE8}") = "Files", "Files", "{A96184A6-BC38-21C8-EE8E-5B1D4AE7601A}"
EndProject
Project("{FAE04EC0-301F-11D3-BF4B-00C04F79EFBC}") = "FeatureToggling", "FeatureToggling\Files\FeatureToggling.csproj", "{7176AE6D-D3C8-3D2C-0C5B-6E7AAF4F4016}"
EndProject
Project("{2150E333-8FDC-42A3-9474-1A3956D46DE8}") = "Files", "Files", "{7F3FB8F3-DB02-8E34-FD83-70E4FE27B04E}"
EndProject
Project("{FAE04EC0-301F-11D3-BF4B-00C04F79EFBC}") = "Finesse", "Finesse\Files\Finesse.csproj", "{13E8CD3C-F8E6-AC64-0B4C-A6D98485114D}"
EndProject
Project("{2150E333-8FDC-42A3-9474-1A3956D46DE8}") = "Files", "Files", "{D2C4874B-9D7C-C86B-77B1-8E9365C68D0E}"
EndProject
Project("{FAE04EC0-301F-11D3-BF4B-00C04F79EFBC}") = "MLProcessDesigner", "MLProcessDesigner\Files\MLProcessDesigner.csproj", "{D34E5CE4-5B76-7090-9D2D-A3D5EF360107}"
EndProject
Project("{2150E333-8FDC-42A3-9474-1A3956D46DE8}") = "Files", "Files", "{8D59EB5B-C366-D72E-C115-A8F66952D3CF}"
EndProject
Project("{FAE04EC0-301F-11D3-BF4B-00C04F79EFBC}") = "OpenIdAuth", "OpenIdAuth\Files\OpenIdAuth.csproj", "{E0B7CAEF-9E21-B2BA-4583-C844BAB00579}"
EndProject
Project("{2150E333-8FDC-42A3-9474-1A3956D46DE8}") = "Files", "Files", "{E85503D8-8690-EE70-3693-1EAE86A2FBA7}"
EndProject
Project("{FAE04EC0-301F-11D3-BF4B-00C04F79EFBC}") = "SsoSettings", "SsoSettings\Files\SsoSettings.csproj", "{C3D05BB2-AF0C-A165-0916-5BFB70E537AB}"
EndProject
Project("{2150E333-8FDC-42A3-9474-1A3956D46DE8}") = "Files", "Files", "{80286246-9D0C-1E17-AC60-2EFC7610F320}"
EndProject
Project("{FAE04EC0-301F-11D3-BF4B-00C04F79EFBC}") = "UsrYacht", "UsrYacht\Files\UsrYacht.csproj", "{12A4965C-2E04-21B6-F12C-F280D65AA53D}"
EndProject
Project("{2150E333-8FDC-42A3-9474-1A3956D46DE8}") = "Files", "Files", "{56E4E7B8-4F6B-C9BF-6F0E-8966D490F4F9}"
EndProject
Project("{FAE04EC0-301F-11D3-BF4B-00C04F79EFBC}") = "XSSProtection", "XSSProtection\Files\XSSProtection.csproj", "{85CF913F-F9A3-38CE-A05E-098F48748ACC}"
EndProject
Global
	GlobalSection(SolutionConfigurationPlatforms) = preSolution
		Debug|Any CPU = Debug|Any CPU
		Release|Any CPU = Release|Any CPU
	EndGlobalSection
	GlobalSection(ProjectConfigurationPlatforms) = postSolution
		{964EE110-91CE-EC64-022D-37DCAE21363A}.Debug|Any CPU.ActiveCfg = Debug|Any CPU
		{964EE110-91CE-EC64-022D-37DCAE21363A}.Debug|Any CPU.Build.0 = Debug|Any CPU
		{964EE110-91CE-EC64-022D-37DCAE21363A}.Release|Any CPU.ActiveCfg = Release|Any CPU
		{964EE110-91CE-EC64-022D-37DCAE21363A}.Release|Any CPU.Build.0 = Release|Any CPU
		{655CDFE8-6446-340A-6506-FB4316E16425}.Debug|Any CPU.ActiveCfg = Debug|Any CPU
		{655CDFE8-6446-340A-6506-FB4316E16425}.Debug|Any CPU.Build.0 = Debug|Any CPU
		{655CDFE8-6446-340A-6506-FB4316E16425}.Release|Any CPU.ActiveCfg = Release|Any CPU
		{655CDFE8-6446-340A-6506-FB4316E16425}.Release|Any CPU.Build.0 = Release|Any CPU
		{B18CA413-9F67-9917-7055-44C6E186E66D}.Debug|Any CPU.ActiveCfg = Debug|Any CPU
		{B18CA413-9F67-9917-7055-44C6E186E66D}.Debug|Any CPU.Build.0 = Debug|Any CPU
		{B18CA413-9F67-9917-7055-44C6E186E66D}.Release|Any CPU.ActiveCfg = Release|Any CPU
		{B18CA413-9F67-9917-7055-44C6E186E66D}.Release|Any CPU.Build.0 = Release|Any CPU
		{84AFD72A-BD4B-0144-F608-68E2EA699E73}.Debug|Any CPU.ActiveCfg = Debug|Any CPU
		{84AFD72A-BD4B-0144-F608-68E2EA699E73}.Debug|Any CPU.Build.0 = Debug|Any CPU
		{84AFD72A-BD4B-0144-F608-68E2EA699E73}.Release|Any CPU.ActiveCfg = Release|Any CPU
		{84AFD72A-BD4B-0144-F608-68E2EA699E73}.Release|Any CPU.Build.0 = Release|Any CPU
		{BB736975-12CA-E7B0-0992-492184DF98B3}.Debug|Any CPU.ActiveCfg = Debug|Any CPU
		{BB736975-12CA-E7B0-0992-492184DF98B3}.Debug|Any CPU.Build.0 = Debug|Any CPU
		{BB736975-12CA-E7B0-0992-492184DF98B3}.Release|Any CPU.ActiveCfg = Release|Any CPU
		{BB736975-12CA-E7B0-0992-492184DF98B3}.Release|Any CPU.Build.0 = Release|Any CPU
		{907D4163-3D9F-9319-186B-6BA14746C51F}.Debug|Any CPU.ActiveCfg = Debug|Any CPU
		{907D4163-3D9F-9319-186B-6BA14746C51F}.Debug|Any CPU.Build.0 = Debug|Any CPU
		{907D4163-3D9F-9319-186B-6BA14746C51F}.Release|Any CPU.ActiveCfg = Release|Any CPU
		{907D4163-3D9F-9319-186B-6BA14746C51F}.Release|Any CPU.Build.0 = Release|Any CPU
		{AB7375A5-BED6-E796-34C7-51BD32FD343D}.Debug|Any CPU.ActiveCfg = Debug|Any CPU
		{AB7375A5-BED6-E796-34C7-51BD32FD343D}.Debug|Any CPU.Build.0 = Debug|Any CPU
		{AB7375A5-BED6-E796-34C7-51BD32FD343D}.Release|Any CPU.ActiveCfg = Release|Any CPU
		{AB7375A5-BED6-E796-34C7-51BD32FD343D}.Release|Any CPU.Build.0 = Release|Any CPU
		{5A7CFEC2-09BA-CAFE-D035-56C74E4CE461}.Debug|Any CPU.ActiveCfg = Debug|Any CPU
		{5A7CFEC2-09BA-CAFE-D035-56C74E4CE461}.Debug|Any CPU.Build.0 = Debug|Any CPU
		{5A7CFEC2-09BA-CAFE-D035-56C74E4CE461}.Release|Any CPU.ActiveCfg = Release|Any CPU
		{5A7CFEC2-09BA-CAFE-D035-56C74E4CE461}.Release|Any CPU.Build.0 = Release|Any CPU
		{B80B8562-AC32-30EB-9FEE-22B570A032CA}.Debug|Any CPU.ActiveCfg = Debug|Any CPU
		{B80B8562-AC32-30EB-9FEE-22B570A032CA}.Debug|Any CPU.Build.0 = Debug|Any CPU
		{B80B8562-AC32-30EB-9FEE-22B570A032CA}.Release|Any CPU.ActiveCfg = Release|Any CPU
		{B80B8562-AC32-30EB-9FEE-22B570A032CA}.Release|Any CPU.Build.0 = Release|Any CPU
		{AAEEACDB-B547-82C5-02BF-2DBC464C6EF5}.Debug|Any CPU.ActiveCfg = Debug|Any CPU
		{AAEEACDB-B547-82C5-02BF-2DBC464C6EF5}.Debug|Any CPU.Build.0 = Debug|Any CPU
		{AAEEACDB-B547-82C5-02BF-2DBC464C6EF5}.Release|Any CPU.ActiveCfg = Release|Any CPU
		{AAEEACDB-B547-82C5-02BF-2DBC464C6EF5}.Release|Any CPU.Build.0 = Release|Any CPU
		{7E556D53-1549-B655-CE97-B801E511A8B9}.Debug|Any CPU.ActiveCfg = Debug|Any CPU
		{7E556D53-1549-B655-CE97-B801E511A8B9}.Debug|Any CPU.Build.0 = Debug|Any CPU
		{7E556D53-1549-B655-CE97-B801E511A8B9}.Release|Any CPU.ActiveCfg = Release|Any CPU
		{7E556D53-1549-B655-CE97-B801E511A8B9}.Release|Any CPU.Build.0 = Release|Any CPU
		{FF373D66-B8A5-3B74-50AC-FC37B6DC9B77}.Debug|Any CPU.ActiveCfg = Debug|Any CPU
		{FF373D66-B8A5-3B74-50AC-FC37B6DC9B77}.Debug|Any CPU.Build.0 = Debug|Any CPU
		{FF373D66-B8A5-3B74-50AC-FC37B6DC9B77}.Release|Any CPU.ActiveCfg = Release|Any CPU
		{FF373D66-B8A5-3B74-50AC-FC37B6DC9B77}.Release|Any CPU.Build.0 = Release|Any CPU
		{423F141B-05BE-3E63-B675-A18F1ECF24F8}.Debug|Any CPU.ActiveCfg = Debug|Any CPU
		{423F141B-05BE-3E63-B675-A18F1ECF24F8}.Debug|Any CPU.Build.0 = Debug|Any CPU
		{423F141B-05BE-3E63-B675-A18F1ECF24F8}.Release|Any CPU.ActiveCfg = Release|Any CPU
		{423F141B-05BE-3E63-B675-A18F1ECF24F8}.Release|Any CPU.Build.0 = Release|Any CPU
		{E8270392-A40D-71D6-5E1A-ADF079B0973A}.Debug|Any CPU.ActiveCfg = Debug|Any CPU
		{E8270392-A40D-71D6-5E1A-ADF079B0973A}.Debug|Any CPU.Build.0 = Debug|Any CPU
		{E8270392-A40D-71D6-5E1A-ADF079B0973A}.Release|Any CPU.ActiveCfg = Release|Any CPU
		{E8270392-A40D-71D6-5E1A-ADF079B0973A}.Release|Any CPU.Build.0 = Release|Any CPU
		{E51FF715-D844-18A2-9CD9-ED4CCB75CF27}.Debug|Any CPU.ActiveCfg = Debug|Any CPU
		{E51FF715-D844-18A2-9CD9-ED4CCB75CF27}.Debug|Any CPU.Build.0 = Debug|Any CPU
		{E51FF715-D844-18A2-9CD9-ED4CCB75CF27}.Release|Any CPU.ActiveCfg = Release|Any CPU
		{E51FF715-D844-18A2-9CD9-ED4CCB75CF27}.Release|Any CPU.Build.0 = Release|Any CPU
		{C9029FD8-A49E-81EB-D552-DEB5A638B8A3}.Debug|Any CPU.ActiveCfg = Debug|Any CPU
		{C9029FD8-A49E-81EB-D552-DEB5A638B8A3}.Debug|Any CPU.Build.0 = Debug|Any CPU
		{C9029FD8-A49E-81EB-D552-DEB5A638B8A3}.Release|Any CPU.ActiveCfg = Release|Any CPU
		{C9029FD8-A49E-81EB-D552-DEB5A638B8A3}.Release|Any CPU.Build.0 = Release|Any CPU
		{217D7BA1-457D-9E81-823A-B29CBD933292}.Debug|Any CPU.ActiveCfg = Debug|Any CPU
		{217D7BA1-457D-9E81-823A-B29CBD933292}.Debug|Any CPU.Build.0 = Debug|Any CPU
		{217D7BA1-457D-9E81-823A-B29CBD933292}.Release|Any CPU.ActiveCfg = Release|Any CPU
		{217D7BA1-457D-9E81-823A-B29CBD933292}.Release|Any CPU.Build.0 = Release|Any CPU
		{698E4BEF-317A-5155-FE43-5C90E910D333}.Debug|Any CPU.ActiveCfg = Debug|Any CPU
		{698E4BEF-317A-5155-FE43-5C90E910D333}.Debug|Any CPU.Build.0 = Debug|Any CPU
		{698E4BEF-317A-5155-FE43-5C90E910D333}.Release|Any CPU.ActiveCfg = Release|Any CPU
		{698E4BEF-317A-5155-FE43-5C90E910D333}.Release|Any CPU.Build.0 = Release|Any CPU
		{022C87C8-4E7A-2923-8A86-ABBE74D1E724}.Debug|Any CPU.ActiveCfg = Debug|Any CPU
		{022C87C8-4E7A-2923-8A86-ABBE74D1E724}.Debug|Any CPU.Build.0 = Debug|Any CPU
		{022C87C8-4E7A-2923-8A86-ABBE74D1E724}.Release|Any CPU.ActiveCfg = Release|Any CPU
		{022C87C8-4E7A-2923-8A86-ABBE74D1E724}.Release|Any CPU.Build.0 = Release|Any CPU
		{DC982B47-BB9F-492D-34AC-CEA840551C5D}.Debug|Any CPU.ActiveCfg = Debug|Any CPU
		{DC982B47-BB9F-492D-34AC-CEA840551C5D}.Debug|Any CPU.Build.0 = Debug|Any CPU
		{DC982B47-BB9F-492D-34AC-CEA840551C5D}.Release|Any CPU.ActiveCfg = Release|Any CPU
		{DC982B47-BB9F-492D-34AC-CEA840551C5D}.Release|Any CPU.Build.0 = Release|Any CPU
		{5794E2DF-1B6B-CBA7-3CA7-E19A21665353}.Debug|Any CPU.ActiveCfg = Debug|Any CPU
		{5794E2DF-1B6B-CBA7-3CA7-E19A21665353}.Debug|Any CPU.Build.0 = Debug|Any CPU
		{5794E2DF-1B6B-CBA7-3CA7-E19A21665353}.Release|Any CPU.ActiveCfg = Release|Any CPU
		{5794E2DF-1B6B-CBA7-3CA7-E19A21665353}.Release|Any CPU.Build.0 = Release|Any CPU
		{418F938E-39B4-8946-DAB5-0B78CD204E79}.Debug|Any CPU.ActiveCfg = Debug|Any CPU
		{418F938E-39B4-8946-DAB5-0B78CD204E79}.Debug|Any CPU.Build.0 = Debug|Any CPU
		{418F938E-39B4-8946-DAB5-0B78CD204E79}.Release|Any CPU.ActiveCfg = Release|Any CPU
		{418F938E-39B4-8946-DAB5-0B78CD204E79}.Release|Any CPU.Build.0 = Release|Any CPU
		{A3E899A6-7A3B-143B-A66F-3793131FFE8D}.Debug|Any CPU.ActiveCfg = Debug|Any CPU
		{A3E899A6-7A3B-143B-A66F-3793131FFE8D}.Debug|Any CPU.Build.0 = Debug|Any CPU
		{A3E899A6-7A3B-143B-A66F-3793131FFE8D}.Release|Any CPU.ActiveCfg = Release|Any CPU
		{A3E899A6-7A3B-143B-A66F-3793131FFE8D}.Release|Any CPU.Build.0 = Release|Any CPU
		{C061FFFE-4E8F-5C9F-BDC7-55990A32953C}.Debug|Any CPU.ActiveCfg = Debug|Any CPU
		{C061FFFE-4E8F-5C9F-BDC7-55990A32953C}.Debug|Any CPU.Build.0 = Debug|Any CPU
		{C061FFFE-4E8F-5C9F-BDC7-55990A32953C}.Release|Any CPU.ActiveCfg = Release|Any CPU
		{C061FFFE-4E8F-5C9F-BDC7-55990A32953C}.Release|Any CPU.Build.0 = Release|Any CPU
		{35F9E383-6C42-9725-0A02-11D5395C926E}.Debug|Any CPU.ActiveCfg = Debug|Any CPU
		{35F9E383-6C42-9725-0A02-11D5395C926E}.Debug|Any CPU.Build.0 = Debug|Any CPU
		{35F9E383-6C42-9725-0A02-11D5395C926E}.Release|Any CPU.ActiveCfg = Release|Any CPU
		{35F9E383-6C42-9725-0A02-11D5395C926E}.Release|Any CPU.Build.0 = Release|Any CPU
		{F21A6E78-E2C4-40F8-E402-5949EF9A84C5}.Debug|Any CPU.ActiveCfg = Debug|Any CPU
		{F21A6E78-E2C4-40F8-E402-5949EF9A84C5}.Debug|Any CPU.Build.0 = Debug|Any CPU
		{F21A6E78-E2C4-40F8-E402-5949EF9A84C5}.Release|Any CPU.ActiveCfg = Release|Any CPU
		{F21A6E78-E2C4-40F8-E402-5949EF9A84C5}.Release|Any CPU.Build.0 = Release|Any CPU
		{AB85FC58-5124-8B0A-360D-A692FBD226F8}.Debug|Any CPU.ActiveCfg = Debug|Any CPU
		{AB85FC58-5124-8B0A-360D-A692FBD226F8}.Debug|Any CPU.Build.0 = Debug|Any CPU
		{AB85FC58-5124-8B0A-360D-A692FBD226F8}.Release|Any CPU.ActiveCfg = Release|Any CPU
		{AB85FC58-5124-8B0A-360D-A692FBD226F8}.Release|Any CPU.Build.0 = Release|Any CPU
		{07D57A23-DC69-B76B-C7E9-549D29E0185E}.Debug|Any CPU.ActiveCfg = Debug|Any CPU
		{07D57A23-DC69-B76B-C7E9-549D29E0185E}.Debug|Any CPU.Build.0 = Debug|Any CPU
		{07D57A23-DC69-B76B-C7E9-549D29E0185E}.Release|Any CPU.ActiveCfg = Release|Any CPU
		{07D57A23-DC69-B76B-C7E9-549D29E0185E}.Release|Any CPU.Build.0 = Release|Any CPU
		{0F136BE4-4160-5559-CBAE-BD611A59835A}.Debug|Any CPU.ActiveCfg = Debug|Any CPU
		{0F136BE4-4160-5559-CBAE-BD611A59835A}.Debug|Any CPU.Build.0 = Debug|Any CPU
		{0F136BE4-4160-5559-CBAE-BD611A59835A}.Release|Any CPU.ActiveCfg = Release|Any CPU
		{0F136BE4-4160-5559-CBAE-BD611A59835A}.Release|Any CPU.Build.0 = Release|Any CPU
		{880FE2D0-C4A9-5FEF-5219-2008C7645807}.Debug|Any CPU.ActiveCfg = Debug|Any CPU
		{880FE2D0-C4A9-5FEF-5219-2008C7645807}.Debug|Any CPU.Build.0 = Debug|Any CPU
		{880FE2D0-C4A9-5FEF-5219-2008C7645807}.Release|Any CPU.ActiveCfg = Release|Any CPU
		{880FE2D0-C4A9-5FEF-5219-2008C7645807}.Release|Any CPU.Build.0 = Release|Any CPU
		{A2846222-1726-DA31-650B-B16204A77749}.Debug|Any CPU.ActiveCfg = Debug|Any CPU
		{A2846222-1726-DA31-650B-B16204A77749}.Debug|Any CPU.Build.0 = Debug|Any CPU
		{A2846222-1726-DA31-650B-B16204A77749}.Release|Any CPU.ActiveCfg = Release|Any CPU
		{A2846222-1726-DA31-650B-B16204A77749}.Release|Any CPU.Build.0 = Release|Any CPU
		{99A5DB45-0D60-1D1D-FD26-F6659F778FCD}.Debug|Any CPU.ActiveCfg = Debug|Any CPU
		{99A5DB45-0D60-1D1D-FD26-F6659F778FCD}.Debug|Any CPU.Build.0 = Debug|Any CPU
		{99A5DB45-0D60-1D1D-FD26-F6659F778FCD}.Release|Any CPU.ActiveCfg = Release|Any CPU
		{99A5DB45-0D60-1D1D-FD26-F6659F778FCD}.Release|Any CPU.Build.0 = Release|Any CPU
		{F227EDAF-5189-02FD-E03E-1F5BEBA0ECC8}.Debug|Any CPU.ActiveCfg = Debug|Any CPU
		{F227EDAF-5189-02FD-E03E-1F5BEBA0ECC8}.Debug|Any CPU.Build.0 = Debug|Any CPU
		{F227EDAF-5189-02FD-E03E-1F5BEBA0ECC8}.Release|Any CPU.ActiveCfg = Release|Any CPU
		{F227EDAF-5189-02FD-E03E-1F5BEBA0ECC8}.Release|Any CPU.Build.0 = Release|Any CPU
		{80743B0E-231C-6C7B-8159-542F9B42FB17}.Debug|Any CPU.ActiveCfg = Debug|Any CPU
		{80743B0E-231C-6C7B-8159-542F9B42FB17}.Debug|Any CPU.Build.0 = Debug|Any CPU
		{80743B0E-231C-6C7B-8159-542F9B42FB17}.Release|Any CPU.ActiveCfg = Release|Any CPU
		{80743B0E-231C-6C7B-8159-542F9B42FB17}.Release|Any CPU.Build.0 = Release|Any CPU
		{7B4B8504-69F3-E1F1-A3F3-FBD6925AA4AA}.Debug|Any CPU.ActiveCfg = Debug|Any CPU
		{7B4B8504-69F3-E1F1-A3F3-FBD6925AA4AA}.Debug|Any CPU.Build.0 = Debug|Any CPU
		{7B4B8504-69F3-E1F1-A3F3-FBD6925AA4AA}.Release|Any CPU.ActiveCfg = Release|Any CPU
		{7B4B8504-69F3-E1F1-A3F3-FBD6925AA4AA}.Release|Any CPU.Build.0 = Release|Any CPU
		{01C36D5C-9DFF-F166-F718-2E94761B4122}.Debug|Any CPU.ActiveCfg = Debug|Any CPU
		{01C36D5C-9DFF-F166-F718-2E94761B4122}.Debug|Any CPU.Build.0 = Debug|Any CPU
		{01C36D5C-9DFF-F166-F718-2E94761B4122}.Release|Any CPU.ActiveCfg = Release|Any CPU
		{01C36D5C-9DFF-F166-F718-2E94761B4122}.Release|Any CPU.Build.0 = Release|Any CPU
		{D948440F-0D9B-4EC7-4B5D-20DC23C29117}.Debug|Any CPU.ActiveCfg = Debug|Any CPU
		{D948440F-0D9B-4EC7-4B5D-20DC23C29117}.Debug|Any CPU.Build.0 = Debug|Any CPU
		{D948440F-0D9B-4EC7-4B5D-20DC23C29117}.Release|Any CPU.ActiveCfg = Release|Any CPU
		{D948440F-0D9B-4EC7-4B5D-20DC23C29117}.Release|Any CPU.Build.0 = Release|Any CPU
		{1C63650D-924C-8CBB-AF90-F1D29199D816}.Debug|Any CPU.ActiveCfg = Debug|Any CPU
		{1C63650D-924C-8CBB-AF90-F1D29199D816}.Debug|Any CPU.Build.0 = Debug|Any CPU
		{1C63650D-924C-8CBB-AF90-F1D29199D816}.Release|Any CPU.ActiveCfg = Release|Any CPU
		{1C63650D-924C-8CBB-AF90-F1D29199D816}.Release|Any CPU.Build.0 = Release|Any CPU
		{2B544500-E9B7-C051-2C1A-D3FC4728B105}.Debug|Any CPU.ActiveCfg = Debug|Any CPU
		{2B544500-E9B7-C051-2C1A-D3FC4728B105}.Debug|Any CPU.Build.0 = Debug|Any CPU
		{2B544500-E9B7-C051-2C1A-D3FC4728B105}.Release|Any CPU.ActiveCfg = Release|Any CPU
		{2B544500-E9B7-C051-2C1A-D3FC4728B105}.Release|Any CPU.Build.0 = Release|Any CPU
		{24440EF8-EE3A-B37F-F32B-282C58890904}.Debug|Any CPU.ActiveCfg = Debug|Any CPU
		{24440EF8-EE3A-B37F-F32B-282C58890904}.Debug|Any CPU.Build.0 = Debug|Any CPU
		{24440EF8-EE3A-B37F-F32B-282C58890904}.Release|Any CPU.ActiveCfg = Release|Any CPU
		{24440EF8-EE3A-B37F-F32B-282C58890904}.Release|Any CPU.Build.0 = Release|Any CPU
		{1227A9FD-AAF5-14A0-BB10-F168154E8A25}.Debug|Any CPU.ActiveCfg = Debug|Any CPU
		{1227A9FD-AAF5-14A0-BB10-F168154E8A25}.Debug|Any CPU.Build.0 = Debug|Any CPU
		{1227A9FD-AAF5-14A0-BB10-F168154E8A25}.Release|Any CPU.ActiveCfg = Release|Any CPU
		{1227A9FD-AAF5-14A0-BB10-F168154E8A25}.Release|Any CPU.Build.0 = Release|Any CPU
		{465F8E30-8A5A-6343-749A-2675749F21DB}.Debug|Any CPU.ActiveCfg = Debug|Any CPU
		{465F8E30-8A5A-6343-749A-2675749F21DB}.Debug|Any CPU.Build.0 = Debug|Any CPU
		{465F8E30-8A5A-6343-749A-2675749F21DB}.Release|Any CPU.ActiveCfg = Release|Any CPU
		{465F8E30-8A5A-6343-749A-2675749F21DB}.Release|Any CPU.Build.0 = Release|Any CPU
		{B4CC3D75-4EFE-4AA7-70D6-E7389FEF636B}.Debug|Any CPU.ActiveCfg = Debug|Any CPU
		{B4CC3D75-4EFE-4AA7-70D6-E7389FEF636B}.Debug|Any CPU.Build.0 = Debug|Any CPU
		{B4CC3D75-4EFE-4AA7-70D6-E7389FEF636B}.Release|Any CPU.ActiveCfg = Release|Any CPU
		{B4CC3D75-4EFE-4AA7-70D6-E7389FEF636B}.Release|Any CPU.Build.0 = Release|Any CPU
		{B5CD8F9E-1C1A-6F26-3CBD-00486DEDAFFD}.Debug|Any CPU.ActiveCfg = Debug|Any CPU
		{B5CD8F9E-1C1A-6F26-3CBD-00486DEDAFFD}.Debug|Any CPU.Build.0 = Debug|Any CPU
		{B5CD8F9E-1C1A-6F26-3CBD-00486DEDAFFD}.Release|Any CPU.ActiveCfg = Release|Any CPU
		{B5CD8F9E-1C1A-6F26-3CBD-00486DEDAFFD}.Release|Any CPU.Build.0 = Release|Any CPU
		{3B8DC658-2275-E4FC-D382-63BA2C3340C8}.Debug|Any CPU.ActiveCfg = Debug|Any CPU
		{3B8DC658-2275-E4FC-D382-63BA2C3340C8}.Debug|Any CPU.Build.0 = Debug|Any CPU
		{3B8DC658-2275-E4FC-D382-63BA2C3340C8}.Release|Any CPU.ActiveCfg = Release|Any CPU
		{3B8DC658-2275-E4FC-D382-63BA2C3340C8}.Release|Any CPU.Build.0 = Release|Any CPU
		{5600B91B-7526-195F-266B-66F0190C4C8E}.Debug|Any CPU.ActiveCfg = Debug|Any CPU
		{5600B91B-7526-195F-266B-66F0190C4C8E}.Debug|Any CPU.Build.0 = Debug|Any CPU
		{5600B91B-7526-195F-266B-66F0190C4C8E}.Release|Any CPU.ActiveCfg = Release|Any CPU
		{5600B91B-7526-195F-266B-66F0190C4C8E}.Release|Any CPU.Build.0 = Release|Any CPU
		{3EE6475F-A2A1-39BC-9C34-433526CA6F9A}.Debug|Any CPU.ActiveCfg = Debug|Any CPU
		{3EE6475F-A2A1-39BC-9C34-433526CA6F9A}.Debug|Any CPU.Build.0 = Debug|Any CPU
		{3EE6475F-A2A1-39BC-9C34-433526CA6F9A}.Release|Any CPU.ActiveCfg = Release|Any CPU
		{3EE6475F-A2A1-39BC-9C34-433526CA6F9A}.Release|Any CPU.Build.0 = Release|Any CPU
		{F2273CBF-F424-409F-621D-C6D96808E0A6}.Debug|Any CPU.ActiveCfg = Debug|Any CPU
		{F2273CBF-F424-409F-621D-C6D96808E0A6}.Debug|Any CPU.Build.0 = Debug|Any CPU
		{F2273CBF-F424-409F-621D-C6D96808E0A6}.Release|Any CPU.ActiveCfg = Release|Any CPU
		{F2273CBF-F424-409F-621D-C6D96808E0A6}.Release|Any CPU.Build.0 = Release|Any CPU
		{84BC9275-643B-ECEE-CFD7-E37F41739873}.Debug|Any CPU.ActiveCfg = Debug|Any CPU
		{84BC9275-643B-ECEE-CFD7-E37F41739873}.Debug|Any CPU.Build.0 = Debug|Any CPU
		{84BC9275-643B-ECEE-CFD7-E37F41739873}.Release|Any CPU.ActiveCfg = Release|Any CPU
		{84BC9275-643B-ECEE-CFD7-E37F41739873}.Release|Any CPU.Build.0 = Release|Any CPU
		{E4FCEC30-C4B0-0BE3-BEB4-4F4A18D2C5C3}.Debug|Any CPU.ActiveCfg = Debug|Any CPU
		{E4FCEC30-C4B0-0BE3-BEB4-4F4A18D2C5C3}.Debug|Any CPU.Build.0 = Debug|Any CPU
		{E4FCEC30-C4B0-0BE3-BEB4-4F4A18D2C5C3}.Release|Any CPU.ActiveCfg = Release|Any CPU
		{E4FCEC30-C4B0-0BE3-BEB4-4F4A18D2C5C3}.Release|Any CPU.Build.0 = Release|Any CPU
		{7176AE6D-D3C8-3D2C-0C5B-6E7AAF4F4016}.Debug|Any CPU.ActiveCfg = Debug|Any CPU
		{7176AE6D-D3C8-3D2C-0C5B-6E7AAF4F4016}.Debug|Any CPU.Build.0 = Debug|Any CPU
		{7176AE6D-D3C8-3D2C-0C5B-6E7AAF4F4016}.Release|Any CPU.ActiveCfg = Release|Any CPU
		{7176AE6D-D3C8-3D2C-0C5B-6E7AAF4F4016}.Release|Any CPU.Build.0 = Release|Any CPU
		{13E8CD3C-F8E6-AC64-0B4C-A6D98485114D}.Debug|Any CPU.ActiveCfg = Debug|Any CPU
		{13E8CD3C-F8E6-AC64-0B4C-A6D98485114D}.Debug|Any CPU.Build.0 = Debug|Any CPU
		{13E8CD3C-F8E6-AC64-0B4C-A6D98485114D}.Release|Any CPU.ActiveCfg = Release|Any CPU
		{13E8CD3C-F8E6-AC64-0B4C-A6D98485114D}.Release|Any CPU.Build.0 = Release|Any CPU
		{D34E5CE4-5B76-7090-9D2D-A3D5EF360107}.Debug|Any CPU.ActiveCfg = Debug|Any CPU
		{D34E5CE4-5B76-7090-9D2D-A3D5EF360107}.Debug|Any CPU.Build.0 = Debug|Any CPU
		{D34E5CE4-5B76-7090-9D2D-A3D5EF360107}.Release|Any CPU.ActiveCfg = Release|Any CPU
		{D34E5CE4-5B76-7090-9D2D-A3D5EF360107}.Release|Any CPU.Build.0 = Release|Any CPU
		{E0B7CAEF-9E21-B2BA-4583-C844BAB00579}.Debug|Any CPU.ActiveCfg = Debug|Any CPU
		{E0B7CAEF-9E21-B2BA-4583-C844BAB00579}.Debug|Any CPU.Build.0 = Debug|Any CPU
		{E0B7CAEF-9E21-B2BA-4583-C844BAB00579}.Release|Any CPU.ActiveCfg = Release|Any CPU
		{E0B7CAEF-9E21-B2BA-4583-C844BAB00579}.Release|Any CPU.Build.0 = Release|Any CPU
		{C3D05BB2-AF0C-A165-0916-5BFB70E537AB}.Debug|Any CPU.ActiveCfg = Debug|Any CPU
		{C3D05BB2-AF0C-A165-0916-5BFB70E537AB}.Debug|Any CPU.Build.0 = Debug|Any CPU
		{C3D05BB2-AF0C-A165-0916-5BFB70E537AB}.Release|Any CPU.ActiveCfg = Release|Any CPU
		{C3D05BB2-AF0C-A165-0916-5BFB70E537AB}.Release|Any CPU.Build.0 = Release|Any CPU
		{12A4965C-2E04-21B6-F12C-F280D65AA53D}.Debug|Any CPU.ActiveCfg = Debug|Any CPU
		{12A4965C-2E04-21B6-F12C-F280D65AA53D}.Debug|Any CPU.Build.0 = Debug|Any CPU
		{12A4965C-2E04-21B6-F12C-F280D65AA53D}.Release|Any CPU.ActiveCfg = Release|Any CPU
		{12A4965C-2E04-21B6-F12C-F280D65AA53D}.Release|Any CPU.Build.0 = Release|Any CPU
		{85CF913F-F9A3-38CE-A05E-098F48748ACC}.Debug|Any CPU.ActiveCfg = Debug|Any CPU
		{85CF913F-F9A3-38CE-A05E-098F48748ACC}.Debug|Any CPU.Build.0 = Debug|Any CPU
		{85CF913F-F9A3-38CE-A05E-098F48748ACC}.Release|Any CPU.ActiveCfg = Release|Any CPU
		{85CF913F-F9A3-38CE-A05E-098F48748ACC}.Release|Any CPU.Build.0 = Release|Any CPU
	EndGlobalSection
	GlobalSection(SolutionProperties) = preSolution
		HideSolutionNode = FALSE
	EndGlobalSection
	GlobalSection(NestedProjects) = preSolution
		{CBEF7D13-8D2E-736D-0DB3-A7F0D294570B} = {64204D96-D74E-C3E6-A3F3-C6ADEF9B75BB}
		{964EE110-91CE-EC64-022D-37DCAE21363A} = {CBEF7D13-8D2E-736D-0DB3-A7F0D294570B}
		{6244E3C5-8E68-3F89-5040-65153E794E53} = {AB19B454-EE86-775E-AECA-0EAE6E131B0E}
		{655CDFE8-6446-340A-6506-FB4316E16425} = {6244E3C5-8E68-3F89-5040-65153E794E53}
		{5A055EDF-A4E3-E69D-AA58-B7905147F6AC} = {7E337478-8084-64A8-2E74-B1895AC8F673}
		{B18CA413-9F67-9917-7055-44C6E186E66D} = {5A055EDF-A4E3-E69D-AA58-B7905147F6AC}
		{08E53AE6-B46A-F3A5-05D4-CE0F93A94FAA} = {528E5DFE-C1E2-32F6-8ACA-BB26EF853963}
		{84AFD72A-BD4B-0144-F608-68E2EA699E73} = {08E53AE6-B46A-F3A5-05D4-CE0F93A94FAA}
		{B5368004-954F-10A3-29D4-1AA8609DC361} = {3753AE4E-E756-CE2F-AE09-E1127942A8B5}
		{BB736975-12CA-E7B0-0992-492184DF98B3} = {B5368004-954F-10A3-29D4-1AA8609DC361}
		{44679AFD-FA91-B01F-DBC7-57D3332B906B} = {C6AFB396-2C26-EA9C-EF48-C9633202F2F1}
		{907D4163-3D9F-9319-186B-6BA14746C51F} = {44679AFD-FA91-B01F-DBC7-57D3332B906B}
		{498E8630-14AA-EE68-74D4-F5B96E01D5E2} = {939B897F-04C7-796E-CA17-38ADA71712A7}
		{AB7375A5-BED6-E796-34C7-51BD32FD343D} = {498E8630-14AA-EE68-74D4-F5B96E01D5E2}
		{44F01F1A-3138-35AE-939C-CA368D1F4017} = {6F59656A-A2CE-40AC-139A-F218F3AA89DA}
		{5A7CFEC2-09BA-CAFE-D035-56C74E4CE461} = {44F01F1A-3138-35AE-939C-CA368D1F4017}
		{58C012CD-01CB-50BA-DBB8-60AFAE53EE67} = {69DE3606-E6BD-F908-5CD8-DB4CD6952042}
		{B80B8562-AC32-30EB-9FEE-22B570A032CA} = {58C012CD-01CB-50BA-DBB8-60AFAE53EE67}
		{747BA678-A2BC-9561-C4E5-92AA389FA46A} = {22321AFD-43CB-9463-DBE5-9CB7D2ACDDFD}
		{AAEEACDB-B547-82C5-02BF-2DBC464C6EF5} = {747BA678-A2BC-9561-C4E5-92AA389FA46A}
		{BD6ABD5F-AE9C-63D7-D453-92D1BAFEC83B} = {F13A4FC9-2AE3-11DC-BEC1-FC008C048915}
		{7E556D53-1549-B655-CE97-B801E511A8B9} = {BD6ABD5F-AE9C-63D7-D453-92D1BAFEC83B}
		{A1BA600D-4CE9-8C86-0EDE-F84133C22609} = {B941F4C1-7881-1E8C-81BD-3F4EE25A1AB4}
		{FF373D66-B8A5-3B74-50AC-FC37B6DC9B77} = {A1BA600D-4CE9-8C86-0EDE-F84133C22609}
		{A874D5C0-290D-6820-095C-70EA7080184F} = {B5EA79CB-AAD3-A735-FE17-8590F9A3D436}
		{423F141B-05BE-3E63-B675-A18F1ECF24F8} = {A874D5C0-290D-6820-095C-70EA7080184F}
		{30DD4B55-96FC-E77A-64E0-0F4333CBBB0E} = {1FCE5EA6-6928-5B05-C03E-2477F1C8D27E}
		{E8270392-A40D-71D6-5E1A-ADF079B0973A} = {30DD4B55-96FC-E77A-64E0-0F4333CBBB0E}
		{A711DE9E-7CBB-922F-B56C-B0A5BE4E9798} = {5351715B-EA71-BD9D-D846-76D50D2BED42}
		{E51FF715-D844-18A2-9CD9-ED4CCB75CF27} = {A711DE9E-7CBB-922F-B56C-B0A5BE4E9798}
		{9A6D2548-3796-E91A-12AC-3E8B761E44CD} = {8B63DC2F-A4BC-9F87-B187-0554B9DFEDAE}
		{C9029FD8-A49E-81EB-D552-DEB5A638B8A3} = {9A6D2548-3796-E91A-12AC-3E8B761E44CD}
		{08FE076C-08B9-731B-8D10-A22FB3CE3DF6} = {C0A7D064-6B1B-47D0-1FB3-EAEE58543DFD}
		{217D7BA1-457D-9E81-823A-B29CBD933292} = {08FE076C-08B9-731B-8D10-A22FB3CE3DF6}
		{97133AF3-C996-E9C8-CE26-536BC51DD75C} = {D4A43642-3CA3-B07D-7DCB-D921B9963012}
		{698E4BEF-317A-5155-FE43-5C90E910D333} = {97133AF3-C996-E9C8-CE26-536BC51DD75C}
		{2E068076-6038-60A1-8355-CDDEEAD45C72} = {E1A66106-80F6-7E2D-43F7-5A5A56856B59}
		{022C87C8-4E7A-2923-8A86-ABBE74D1E724} = {2E068076-6038-60A1-8355-CDDEEAD45C72}
		{66D5BACC-0B72-7A38-2EFF-36E39CA2B2DF} = {F9B9F714-6745-163A-ABD3-402717633340}
		{DC982B47-BB9F-492D-34AC-CEA840551C5D} = {66D5BACC-0B72-7A38-2EFF-36E39CA2B2DF}
		{F4E0550F-B137-3AFC-C749-1F02DF160358} = {A63355A9-4A03-005D-7BC2-2A75F4EB31B7}
		{5794E2DF-1B6B-CBA7-3CA7-E19A21665353} = {F4E0550F-B137-3AFC-C749-1F02DF160358}
		{7577F57E-E77F-800F-A6C5-4B3486757BD7} = {31375D20-00DD-78EC-A1AD-D9DDAC7D8CE7}
		{418F938E-39B4-8946-DAB5-0B78CD204E79} = {7577F57E-E77F-800F-A6C5-4B3486757BD7}
		{0A598362-EAFA-6A74-3EAB-617A1A943E95} = {C6A85FD3-31CC-D670-0EF7-1AD49DB0CD3A}
		{A3E899A6-7A3B-143B-A66F-3793131FFE8D} = {0A598362-EAFA-6A74-3EAB-617A1A943E95}
		{62B2CDF6-9761-4274-448B-1083EB88B655} = {C71217C3-4AB3-B5BB-B091-3FEDD0227852}
		{C061FFFE-4E8F-5C9F-BDC7-55990A32953C} = {62B2CDF6-9761-4274-448B-1083EB88B655}
		{1BE6CD8E-77FC-0920-2C51-2D66510E3675} = {AF0508E9-07DD-7EE9-7B00-B2F9016B7F1F}
		{35F9E383-6C42-9725-0A02-11D5395C926E} = {1BE6CD8E-77FC-0920-2C51-2D66510E3675}
		{D967D0CF-BB9D-F8B2-520B-5718304B4AF0} = {24286450-5083-9283-75A7-E6CC9BE46900}
		{F21A6E78-E2C4-40F8-E402-5949EF9A84C5} = {D967D0CF-BB9D-F8B2-520B-5718304B4AF0}
		{3518B3CC-DD68-6395-E6F2-CD004CE31BA0} = {760DE0A9-FDC5-6E0B-1A19-62C99A90565A}
		{AB85FC58-5124-8B0A-360D-A692FBD226F8} = {3518B3CC-DD68-6395-E6F2-CD004CE31BA0}
		{D5D643CC-931C-C1C6-B2E7-5A0302B84653} = {55BB4B61-A46D-CA15-B656-41E74403A653}
		{07D57A23-DC69-B76B-C7E9-549D29E0185E} = {D5D643CC-931C-C1C6-B2E7-5A0302B84653}
		{A23D5252-2D52-9046-70AC-15EFD1B2ACBF} = {D88CDF77-CF44-0C4F-1E22-2145FFED0E3B}
		{0F136BE4-4160-5559-CBAE-BD611A59835A} = {A23D5252-2D52-9046-70AC-15EFD1B2ACBF}
		{3A3BCAE1-C5F2-FBDE-4F28-2E95F0F5C359} = {487BC188-79EA-5012-127D-33ED91D43D82}
		{880FE2D0-C4A9-5FEF-5219-2008C7645807} = {3A3BCAE1-C5F2-FBDE-4F28-2E95F0F5C359}
		{D53C5FD3-71B4-D098-DB7F-7E67F238F640} = {CF79F503-2F82-D302-04BC-ABD55F92A49F}
		{A2846222-1726-DA31-650B-B16204A77749} = {D53C5FD3-71B4-D098-DB7F-7E67F238F640}
		{445D57E4-18E0-B744-CBED-FDDD8CFE0F20} = {5E547B37-1820-3748-C2C7-0C23319EB2F2}
		{99A5DB45-0D60-1D1D-FD26-F6659F778FCD} = {445D57E4-18E0-B744-CBED-FDDD8CFE0F20}
		{9EE72E0E-58F4-2C50-A675-43251A0F1639} = {EF50D627-C5D3-DF95-3935-50B9AEB53C8F}
		{F227EDAF-5189-02FD-E03E-1F5BEBA0ECC8} = {9EE72E0E-58F4-2C50-A675-43251A0F1639}
		{D71D530C-8E88-61B7-140E-28C52D3B1B40} = {24D6DC4E-7459-3CFD-6A1A-214406FBE033}
		{80743B0E-231C-6C7B-8159-542F9B42FB17} = {D71D530C-8E88-61B7-140E-28C52D3B1B40}
		{3632977F-2067-AC43-9877-793466F8EA9A} = {7759BF99-1614-5E2F-1928-7A31F59AB9F3}
		{7B4B8504-69F3-E1F1-A3F3-FBD6925AA4AA} = {3632977F-2067-AC43-9877-793466F8EA9A}
		{64488E44-1935-FBCA-E0ED-3D376FE61A62} = {30F230F9-9CD8-AD2B-B61A-74DB333B8CD8}
		{01C36D5C-9DFF-F166-F718-2E94761B4122} = {64488E44-1935-FBCA-E0ED-3D376FE61A62}
		{6452DE59-5966-A121-E5E0-F4AA1E3F1230} = {E2C4535A-067B-5517-717F-1B3BF4C4ADFA}
		{D948440F-0D9B-4EC7-4B5D-20DC23C29117} = {6452DE59-5966-A121-E5E0-F4AA1E3F1230}
		{012067F0-C54E-76B4-A460-9ABDDA4A1B27} = {682681CF-5A91-74E4-6299-ADA5AC4CF191}
		{1C63650D-924C-8CBB-AF90-F1D29199D816} = {012067F0-C54E-76B4-A460-9ABDDA4A1B27}
		{79A992EA-8EDE-BCAC-BB1D-120399B9C0F2} = {CC3F70A2-6C4B-C760-BFF0-138B57CC89A5}
		{2B544500-E9B7-C051-2C1A-D3FC4728B105} = {79A992EA-8EDE-BCAC-BB1D-120399B9C0F2}
		{867A1BA0-C05E-6433-DFAB-053933230313} = {D3B84E0D-C29D-F305-249F-6EE7B899BA42}
		{24440EF8-EE3A-B37F-F32B-282C58890904} = {867A1BA0-C05E-6433-DFAB-053933230313}
		{0CBA6746-4207-47E8-3E7B-758858378552} = {F4EA0BCD-1953-7F7B-121F-E6934A9BD4DC}
		{1227A9FD-AAF5-14A0-BB10-F168154E8A25} = {0CBA6746-4207-47E8-3E7B-758858378552}
		{D95E5C7B-47BE-EB37-C4AA-82335F06A2CE} = {35233925-EC5A-C141-BC10-1A794EA0270B}
		{465F8E30-8A5A-6343-749A-2675749F21DB} = {D95E5C7B-47BE-EB37-C4AA-82335F06A2CE}
		{12EFA673-2E4F-610A-6EEC-2FBCB0D63A8E} = {137D456D-3D1E-976D-398D-DA5F2C7915F6}
		{B4CC3D75-4EFE-4AA7-70D6-E7389FEF636B} = {12EFA673-2E4F-610A-6EEC-2FBCB0D63A8E}
		{4D7CEC74-2141-555D-A83E-E9A5BF4BA16A} = {A7139698-1572-8066-A9C6-182001682C22}
		{B5CD8F9E-1C1A-6F26-3CBD-00486DEDAFFD} = {4D7CEC74-2141-555D-A83E-E9A5BF4BA16A}
		{CD9D8E12-F529-F486-57BA-F7D03DA2191A} = {BE49F5CC-47D4-B6EE-0617-A6B3BEAAA92C}
		{3B8DC658-2275-E4FC-D382-63BA2C3340C8} = {CD9D8E12-F529-F486-57BA-F7D03DA2191A}
		{C4578A40-62C5-56EE-5834-1833AA2B0BA1} = {5D9911B7-EB03-812D-C67A-5773AF7CD052}
		{5600B91B-7526-195F-266B-66F0190C4C8E} = {C4578A40-62C5-56EE-5834-1833AA2B0BA1}
		{2D247075-5B19-DCB9-F652-4272AA844587} = {0A1F6824-C60C-DD5D-DB06-0D73BC801DFF}
		{3EE6475F-A2A1-39BC-9C34-433526CA6F9A} = {2D247075-5B19-DCB9-F652-4272AA844587}
		{AA604E87-780E-F760-2CA9-30DF9353F1C7} = {031EFB20-C3E6-F9AD-07EA-782F83DBEF35}
		{F2273CBF-F424-409F-621D-C6D96808E0A6} = {AA604E87-780E-F760-2CA9-30DF9353F1C7}
		{A1EF6677-B682-02A2-58BB-E7295347567D} = {C5BD2EB7-250E-C51A-0F80-A7C2488299F4}
		{84BC9275-643B-ECEE-CFD7-E37F41739873} = {A1EF6677-B682-02A2-58BB-E7295347567D}
		{AFD5FF3F-E412-87B6-A256-22328222D2F8} = {C1307707-F12E-78A4-366B-68670753E97D}
		{E4FCEC30-C4B0-0BE3-BEB4-4F4A18D2C5C3} = {AFD5FF3F-E412-87B6-A256-22328222D2F8}
		{A96184A6-BC38-21C8-EE8E-5B1D4AE7601A} = {5EFF02A9-98AF-0A35-3074-BCE925771623}
		{7176AE6D-D3C8-3D2C-0C5B-6E7AAF4F4016} = {A96184A6-BC38-21C8-EE8E-5B1D4AE7601A}
		{7F3FB8F3-DB02-8E34-FD83-70E4FE27B04E} = {7E44A007-2D1C-AF09-6B35-E80AFB399CC6}
		{13E8CD3C-F8E6-AC64-0B4C-A6D98485114D} = {7F3FB8F3-DB02-8E34-FD83-70E4FE27B04E}
		{D2C4874B-9D7C-C86B-77B1-8E9365C68D0E} = {6AB21B39-2C3D-47FD-ADB4-5EDDDB833254}
		{D34E5CE4-5B76-7090-9D2D-A3D5EF360107} = {D2C4874B-9D7C-C86B-77B1-8E9365C68D0E}
		{8D59EB5B-C366-D72E-C115-A8F66952D3CF} = {541CB66F-BE24-BB0A-4BF7-61A3F2C80036}
		{E0B7CAEF-9E21-B2BA-4583-C844BAB00579} = {8D59EB5B-C366-D72E-C115-A8F66952D3CF}
		{E85503D8-8690-EE70-3693-1EAE86A2FBA7} = {4C3855D9-575D-BEE4-537D-E565805A7032}
		{C3D05BB2-AF0C-A165-0916-5BFB70E537AB} = {E85503D8-8690-EE70-3693-1EAE86A2FBA7}
		{80286246-9D0C-1E17-AC60-2EFC7610F320} = {C8CFF7C7-7BA9-701E-7F7C-3D660FB37398}
		{12A4965C-2E04-21B6-F12C-F280D65AA53D} = {80286246-9D0C-1E17-AC60-2EFC7610F320}
		{56E4E7B8-4F6B-C9BF-6F0E-8966D490F4F9} = {170A6967-FC07-DEA8-89E9-33783D940DC2}
		{85CF913F-F9A3-38CE-A05E-098F48748ACC} = {56E4E7B8-4F6B-C9BF-6F0E-8966D490F4F9}
	EndGlobalSection
	GlobalSection(ExtensibilityGlobals) = postSolution
		SolutionGuid = {1C05A657-78AB-4A77-B45E-7E376FF1AA47}
	EndGlobalSection
EndGlobal
